// !$*UTF8*$!
{
	archiveVersion = 1;
	classes = {
	};
	objectVersion = 56;
	objects = {

/* Begin PBXBuildFile section */
		8C2AD61D2944E0DF00A80415 /* main.swift in Sources */ = {isa = PBXBuildFile; fileRef = 8C2AD61C2944E0DF00A80415 /* main.swift */; };
		8CA1C1A8293DA7F70067A52E /* main.swift in Sources */ = {isa = PBXBuildFile; fileRef = 8CA1C1A7293DA7F70067A52E /* main.swift */; };
		8CA1C1B5293FE0CE0067A52E /* main.swift in Sources */ = {isa = PBXBuildFile; fileRef = 8CA1C1B4293FE0CE0067A52E /* main.swift */; };
		8CA1C1BB293FE0E20067A52E /* Algorithms in Frameworks */ = {isa = PBXBuildFile; productRef = 8CA1C1BA293FE0E20067A52E /* Algorithms */; };
		8CA1C1BE293FE12B0067A52E /* Algorithms in Frameworks */ = {isa = PBXBuildFile; productRef = 8CA1C1BD293FE12B0067A52E /* Algorithms */; };
		8CA1C1C9294139F90067A52E /* main.swift in Sources */ = {isa = PBXBuildFile; fileRef = 8CA1C1C8294139F90067A52E /* main.swift */; };
		8CA1C1D629419FA10067A52E /* main.swift in Sources */ = {isa = PBXBuildFile; fileRef = 8CA1C1D529419FA10067A52E /* main.swift */; };
		8CA1C1E1294282D00067A52E /* main.swift in Sources */ = {isa = PBXBuildFile; fileRef = 8CA1C1E0294282D00067A52E /* main.swift */; };
		8CA1C1EE294358C40067A52E /* main.swift in Sources */ = {isa = PBXBuildFile; fileRef = 8CA1C1ED294358C40067A52E /* main.swift */; };
		8CF48A97293816F10064C632 /* main.swift in Sources */ = {isa = PBXBuildFile; fileRef = 8CF48A96293816F10064C632 /* main.swift */; };
		8CF48AA6293817FC0064C632 /* main.swift in Sources */ = {isa = PBXBuildFile; fileRef = 8CF48AA5293817FC0064C632 /* main.swift */; };
		8CF48AB329394FD80064C632 /* main.swift in Sources */ = {isa = PBXBuildFile; fileRef = 8CF48AB229394FD80064C632 /* main.swift */; };
		8CF48ABE293B0CE80064C632 /* main.swift in Sources */ = {isa = PBXBuildFile; fileRef = 8CF48ABD293B0CE80064C632 /* main.swift */; };
		8CF48AD3293BC3C70064C632 /* main.swift in Sources */ = {isa = PBXBuildFile; fileRef = 8CF48AD2293BC3C70064C632 /* main.swift */; };
/* End PBXBuildFile section */

/* Begin PBXCopyFilesBuildPhase section */
		8C2AD6182944E0DF00A80415 /* CopyFiles */ = {
			isa = PBXCopyFilesBuildPhase;
			buildActionMask = 2147483647;
			dstPath = /usr/share/man/man1/;
			dstSubfolderSpec = 0;
			files = (
			);
			runOnlyForDeploymentPostprocessing = 1;
		};
		8CA1C1A3293DA7F70067A52E /* CopyFiles */ = {
			isa = PBXCopyFilesBuildPhase;
			buildActionMask = 2147483647;
			dstPath = /usr/share/man/man1/;
			dstSubfolderSpec = 0;
			files = (
			);
			runOnlyForDeploymentPostprocessing = 1;
		};
		8CA1C1B0293FE0CE0067A52E /* CopyFiles */ = {
			isa = PBXCopyFilesBuildPhase;
			buildActionMask = 2147483647;
			dstPath = /usr/share/man/man1/;
			dstSubfolderSpec = 0;
			files = (
			);
			runOnlyForDeploymentPostprocessing = 1;
		};
		8CA1C1C4294139F90067A52E /* CopyFiles */ = {
			isa = PBXCopyFilesBuildPhase;
			buildActionMask = 2147483647;
			dstPath = /usr/share/man/man1/;
			dstSubfolderSpec = 0;
			files = (
			);
			runOnlyForDeploymentPostprocessing = 1;
		};
		8CA1C1D129419FA10067A52E /* CopyFiles */ = {
			isa = PBXCopyFilesBuildPhase;
			buildActionMask = 2147483647;
			dstPath = /usr/share/man/man1/;
			dstSubfolderSpec = 0;
			files = (
			);
			runOnlyForDeploymentPostprocessing = 1;
		};
		8CA1C1DC294282D00067A52E /* CopyFiles */ = {
			isa = PBXCopyFilesBuildPhase;
			buildActionMask = 2147483647;
			dstPath = /usr/share/man/man1/;
			dstSubfolderSpec = 0;
			files = (
			);
			runOnlyForDeploymentPostprocessing = 1;
		};
		8CA1C1E9294358C40067A52E /* CopyFiles */ = {
			isa = PBXCopyFilesBuildPhase;
			buildActionMask = 2147483647;
			dstPath = /usr/share/man/man1/;
			dstSubfolderSpec = 0;
			files = (
			);
			runOnlyForDeploymentPostprocessing = 1;
		};
		8CF48A91293816F10064C632 /* CopyFiles */ = {
			isa = PBXCopyFilesBuildPhase;
			buildActionMask = 2147483647;
			dstPath = /usr/share/man/man1/;
			dstSubfolderSpec = 0;
			files = (
			);
			runOnlyForDeploymentPostprocessing = 1;
		};
		8CF48AA1293817FC0064C632 /* CopyFiles */ = {
			isa = PBXCopyFilesBuildPhase;
			buildActionMask = 2147483647;
			dstPath = /usr/share/man/man1/;
			dstSubfolderSpec = 0;
			files = (
			);
			runOnlyForDeploymentPostprocessing = 1;
		};
		8CF48AAE29394FD80064C632 /* CopyFiles */ = {
			isa = PBXCopyFilesBuildPhase;
			buildActionMask = 2147483647;
			dstPath = /usr/share/man/man1/;
			dstSubfolderSpec = 0;
			files = (
			);
			runOnlyForDeploymentPostprocessing = 1;
		};
		8CF48AB9293B0CE80064C632 /* CopyFiles */ = {
			isa = PBXCopyFilesBuildPhase;
			buildActionMask = 2147483647;
			dstPath = /usr/share/man/man1/;
			dstSubfolderSpec = 0;
			files = (
			);
			runOnlyForDeploymentPostprocessing = 1;
		};
		8CF48ACE293BC3C70064C632 /* CopyFiles */ = {
			isa = PBXCopyFilesBuildPhase;
			buildActionMask = 2147483647;
			dstPath = /usr/share/man/man1/;
			dstSubfolderSpec = 0;
			files = (
			);
			runOnlyForDeploymentPostprocessing = 1;
		};
/* End PBXCopyFilesBuildPhase section */

/* Begin PBXFileReference section */
		8C2AD6152943805B00A80415 /* real.input */ = {isa = PBXFileReference; lastKnownFileType = text; path = real.input; sourceTree = "<group>"; };
		8C2AD61A2944E0DF00A80415 /* day10 */ = {isa = PBXFileReference; explicitFileType = "compiled.mach-o.executable"; includeInIndex = 0; path = day10; sourceTree = BUILT_PRODUCTS_DIR; };
		8C2AD61C2944E0DF00A80415 /* main.swift */ = {isa = PBXFileReference; lastKnownFileType = sourcecode.swift; path = main.swift; sourceTree = "<group>"; };
		8C2AD6212944E0FC00A80415 /* sample_small.input */ = {isa = PBXFileReference; lastKnownFileType = text; path = sample_small.input; sourceTree = "<group>"; };
		8C2AD6222944E11900A80415 /* sample.input */ = {isa = PBXFileReference; lastKnownFileType = text; path = sample.input; sourceTree = "<group>"; };
		8C2AD62329451A3200A80415 /* real.input */ = {isa = PBXFileReference; lastKnownFileType = text; path = real.input; sourceTree = "<group>"; };
		8CA1C1A5293DA7F70067A52E /* day05 */ = {isa = PBXFileReference; explicitFileType = "compiled.mach-o.executable"; includeInIndex = 0; path = day05; sourceTree = BUILT_PRODUCTS_DIR; };
		8CA1C1A7293DA7F70067A52E /* main.swift */ = {isa = PBXFileReference; lastKnownFileType = sourcecode.swift; path = main.swift; sourceTree = "<group>"; };
		8CA1C1AC293DA8320067A52E /* sample.input */ = {isa = PBXFileReference; lastKnownFileType = text; path = sample.input; sourceTree = "<group>"; };
		8CA1C1AD293DA8380067A52E /* real.input */ = {isa = PBXFileReference; lastKnownFileType = text; path = real.input; sourceTree = "<group>"; };
		8CA1C1B2293FE0CE0067A52E /* day06 */ = {isa = PBXFileReference; explicitFileType = "compiled.mach-o.executable"; includeInIndex = 0; path = day06; sourceTree = BUILT_PRODUCTS_DIR; };
		8CA1C1B4293FE0CE0067A52E /* main.swift */ = {isa = PBXFileReference; lastKnownFileType = sourcecode.swift; path = main.swift; sourceTree = "<group>"; };
		8CA1C1BF293FE1690067A52E /* sample.input */ = {isa = PBXFileReference; lastKnownFileType = text; path = sample.input; sourceTree = "<group>"; };
		8CA1C1C0293FE2E20067A52E /* real.input */ = {isa = PBXFileReference; lastKnownFileType = text; path = real.input; sourceTree = "<group>"; };
		8CA1C1C6294139F90067A52E /* day07 */ = {isa = PBXFileReference; explicitFileType = "compiled.mach-o.executable"; includeInIndex = 0; path = day07; sourceTree = BUILT_PRODUCTS_DIR; };
		8CA1C1C8294139F90067A52E /* main.swift */ = {isa = PBXFileReference; lastKnownFileType = sourcecode.swift; path = main.swift; sourceTree = "<group>"; };
		8CA1C1CD29413A160067A52E /* sample.input */ = {isa = PBXFileReference; lastKnownFileType = text; path = sample.input; sourceTree = "<group>"; };
		8CA1C1CE294145AB0067A52E /* real.input */ = {isa = PBXFileReference; lastKnownFileType = text; path = real.input; sourceTree = "<group>"; };
		8CA1C1D329419FA10067A52E /* day07-2 */ = {isa = PBXFileReference; explicitFileType = "compiled.mach-o.executable"; includeInIndex = 0; path = "day07-2"; sourceTree = BUILT_PRODUCTS_DIR; };
		8CA1C1D529419FA10067A52E /* main.swift */ = {isa = PBXFileReference; lastKnownFileType = sourcecode.swift; path = main.swift; sourceTree = "<group>"; };
		8CA1C1DE294282D00067A52E /* day08 */ = {isa = PBXFileReference; explicitFileType = "compiled.mach-o.executable"; includeInIndex = 0; path = day08; sourceTree = BUILT_PRODUCTS_DIR; };
		8CA1C1E0294282D00067A52E /* main.swift */ = {isa = PBXFileReference; lastKnownFileType = sourcecode.swift; path = main.swift; sourceTree = "<group>"; };
		8CA1C1E5294282DA0067A52E /* sample.input */ = {isa = PBXFileReference; lastKnownFileType = text; path = sample.input; sourceTree = "<group>"; };
		8CA1C1E629428E500067A52E /* real.input */ = {isa = PBXFileReference; lastKnownFileType = text; path = real.input; sourceTree = "<group>"; };
		8CA1C1EB294358C40067A52E /* day09 */ = {isa = PBXFileReference; explicitFileType = "compiled.mach-o.executable"; includeInIndex = 0; path = day09; sourceTree = BUILT_PRODUCTS_DIR; };
		8CA1C1ED294358C40067A52E /* main.swift */ = {isa = PBXFileReference; lastKnownFileType = sourcecode.swift; path = main.swift; sourceTree = "<group>"; };
		8CA1C1F2294358CE0067A52E /* sample.input */ = {isa = PBXFileReference; lastKnownFileType = text; path = sample.input; sourceTree = "<group>"; };
		8CF48A93293816F10064C632 /* Advent of Code 2022 */ = {isa = PBXFileReference; explicitFileType = "compiled.mach-o.executable"; includeInIndex = 0; path = "Advent of Code 2022"; sourceTree = BUILT_PRODUCTS_DIR; };
		8CF48A96293816F10064C632 /* main.swift */ = {isa = PBXFileReference; lastKnownFileType = sourcecode.swift; path = main.swift; sourceTree = "<group>"; };
		8CF48AA3293817FC0064C632 /* day01 */ = {isa = PBXFileReference; explicitFileType = "compiled.mach-o.executable"; includeInIndex = 0; path = day01; sourceTree = BUILT_PRODUCTS_DIR; };
		8CF48AA5293817FC0064C632 /* main.swift */ = {isa = PBXFileReference; lastKnownFileType = sourcecode.swift; path = main.swift; sourceTree = "<group>"; };
		8CF48AAA29386C620064C632 /* sample.input */ = {isa = PBXFileReference; lastKnownFileType = text; path = sample.input; sourceTree = "<group>"; };
		8CF48AAB29386E150064C632 /* real.input */ = {isa = PBXFileReference; lastKnownFileType = text; path = real.input; sourceTree = "<group>"; };
		8CF48AB029394FD80064C632 /* day02 */ = {isa = PBXFileReference; explicitFileType = "compiled.mach-o.executable"; includeInIndex = 0; path = day02; sourceTree = BUILT_PRODUCTS_DIR; };
		8CF48AB229394FD80064C632 /* main.swift */ = {isa = PBXFileReference; lastKnownFileType = sourcecode.swift; path = main.swift; sourceTree = "<group>"; };
		8CF48ABB293B0CE80064C632 /* day03 */ = {isa = PBXFileReference; explicitFileType = "compiled.mach-o.executable"; includeInIndex = 0; path = day03; sourceTree = BUILT_PRODUCTS_DIR; };
		8CF48ABD293B0CE80064C632 /* main.swift */ = {isa = PBXFileReference; lastKnownFileType = sourcecode.swift; path = main.swift; sourceTree = "<group>"; };
		8CF48AC2293B0DB40064C632 /* sample.input */ = {isa = PBXFileReference; lastKnownFileType = text; path = sample.input; sourceTree = "<group>"; };
		8CF48AC3293B0DCB0064C632 /* real.input */ = {isa = PBXFileReference; lastKnownFileType = text; path = real.input; sourceTree = "<group>"; };
		8CF48AC4293B0F650064C632 /* sample.input */ = {isa = PBXFileReference; lastKnownFileType = text; path = sample.input; sourceTree = "<group>"; };
		8CF48AC5293B15520064C632 /* real.input */ = {isa = PBXFileReference; lastKnownFileType = text; path = real.input; sourceTree = "<group>"; };
		8CF48AD0293BC3C70064C632 /* day04 */ = {isa = PBXFileReference; explicitFileType = "compiled.mach-o.executable"; includeInIndex = 0; path = day04; sourceTree = BUILT_PRODUCTS_DIR; };
		8CF48AD2293BC3C70064C632 /* main.swift */ = {isa = PBXFileReference; lastKnownFileType = sourcecode.swift; path = main.swift; sourceTree = "<group>"; };
		8CF48AD7293C5FD10064C632 /* sample.input */ = {isa = PBXFileReference; lastKnownFileType = text; path = sample.input; sourceTree = "<group>"; };
		8CF48AD8293C633A0064C632 /* real.input */ = {isa = PBXFileReference; lastKnownFileType = text; path = real.input; sourceTree = "<group>"; };
/* End PBXFileReference section */

/* Begin PBXFrameworksBuildPhase section */
		8C2AD6172944E0DF00A80415 /* Frameworks */ = {
			isa = PBXFrameworksBuildPhase;
			buildActionMask = 2147483647;
			files = (
			);
			runOnlyForDeploymentPostprocessing = 0;
		};
		8CA1C1A2293DA7F70067A52E /* Frameworks */ = {
			isa = PBXFrameworksBuildPhase;
			buildActionMask = 2147483647;
			files = (
			);
			runOnlyForDeploymentPostprocessing = 0;
		};
		8CA1C1AF293FE0CE0067A52E /* Frameworks */ = {
			isa = PBXFrameworksBuildPhase;
			buildActionMask = 2147483647;
			files = (
				8CA1C1BE293FE12B0067A52E /* Algorithms in Frameworks */,
			);
			runOnlyForDeploymentPostprocessing = 0;
		};
		8CA1C1C3294139F90067A52E /* Frameworks */ = {
			isa = PBXFrameworksBuildPhase;
			buildActionMask = 2147483647;
			files = (
			);
			runOnlyForDeploymentPostprocessing = 0;
		};
		8CA1C1D029419FA10067A52E /* Frameworks */ = {
			isa = PBXFrameworksBuildPhase;
			buildActionMask = 2147483647;
			files = (
			);
			runOnlyForDeploymentPostprocessing = 0;
		};
		8CA1C1DB294282D00067A52E /* Frameworks */ = {
			isa = PBXFrameworksBuildPhase;
			buildActionMask = 2147483647;
			files = (
			);
			runOnlyForDeploymentPostprocessing = 0;
		};
		8CA1C1E8294358C40067A52E /* Frameworks */ = {
			isa = PBXFrameworksBuildPhase;
			buildActionMask = 2147483647;
			files = (
			);
			runOnlyForDeploymentPostprocessing = 0;
		};
		8CF48A90293816F10064C632 /* Frameworks */ = {
			isa = PBXFrameworksBuildPhase;
			buildActionMask = 2147483647;
			files = (
				8CA1C1BB293FE0E20067A52E /* Algorithms in Frameworks */,
			);
			runOnlyForDeploymentPostprocessing = 0;
		};
		8CF48AA0293817FC0064C632 /* Frameworks */ = {
			isa = PBXFrameworksBuildPhase;
			buildActionMask = 2147483647;
			files = (
			);
			runOnlyForDeploymentPostprocessing = 0;
		};
		8CF48AAD29394FD80064C632 /* Frameworks */ = {
			isa = PBXFrameworksBuildPhase;
			buildActionMask = 2147483647;
			files = (
			);
			runOnlyForDeploymentPostprocessing = 0;
		};
		8CF48AB8293B0CE80064C632 /* Frameworks */ = {
			isa = PBXFrameworksBuildPhase;
			buildActionMask = 2147483647;
			files = (
			);
			runOnlyForDeploymentPostprocessing = 0;
		};
		8CF48ACD293BC3C70064C632 /* Frameworks */ = {
			isa = PBXFrameworksBuildPhase;
			buildActionMask = 2147483647;
			files = (
			);
			runOnlyForDeploymentPostprocessing = 0;
		};
/* End PBXFrameworksBuildPhase section */

/* Begin PBXGroup section */
		8C2AD61B2944E0DF00A80415 /* day10 */ = {
			isa = PBXGroup;
			children = (
				8C2AD61C2944E0DF00A80415 /* main.swift */,
				8C2AD6212944E0FC00A80415 /* sample_small.input */,
				8C2AD6222944E11900A80415 /* sample.input */,
				8C2AD62329451A3200A80415 /* real.input */,
			);
			path = day10;
			sourceTree = "<group>";
		};
		8CA1C1A6293DA7F70067A52E /* day05 */ = {
			isa = PBXGroup;
			children = (
				8CA1C1A7293DA7F70067A52E /* main.swift */,
				8CA1C1AD293DA8380067A52E /* real.input */,
				8CA1C1AC293DA8320067A52E /* sample.input */,
			);
			path = day05;
			sourceTree = "<group>";
		};
		8CA1C1B3293FE0CE0067A52E /* day06 */ = {
			isa = PBXGroup;
			children = (
				8CA1C1B4293FE0CE0067A52E /* main.swift */,
				8CA1C1BF293FE1690067A52E /* sample.input */,
				8CA1C1C0293FE2E20067A52E /* real.input */,
			);
			path = day06;
			sourceTree = "<group>";
		};
		8CA1C1BC293FE12B0067A52E /* Frameworks */ = {
			isa = PBXGroup;
			children = (
			);
			name = Frameworks;
			sourceTree = "<group>";
		};
		8CA1C1C7294139F90067A52E /* day07 */ = {
			isa = PBXGroup;
			children = (
				8CA1C1CD29413A160067A52E /* sample.input */,
				8CA1C1CE294145AB0067A52E /* real.input */,
				8CA1C1C8294139F90067A52E /* main.swift */,
			);
			path = day07;
			sourceTree = "<group>";
		};
		8CA1C1D429419FA10067A52E /* day07-2 */ = {
			isa = PBXGroup;
			children = (
				8CA1C1D529419FA10067A52E /* main.swift */,
			);
			path = "day07-2";
			sourceTree = "<group>";
		};
		8CA1C1DF294282D00067A52E /* day08 */ = {
			isa = PBXGroup;
			children = (
				8CA1C1E0294282D00067A52E /* main.swift */,
				8CA1C1E5294282DA0067A52E /* sample.input */,
				8CA1C1E629428E500067A52E /* real.input */,
			);
			path = day08;
			sourceTree = "<group>";
		};
		8CA1C1EC294358C40067A52E /* day09 */ = {
			isa = PBXGroup;
			children = (
				8CA1C1ED294358C40067A52E /* main.swift */,
				8CA1C1F2294358CE0067A52E /* sample.input */,
				8C2AD6152943805B00A80415 /* real.input */,
			);
			path = day09;
			sourceTree = "<group>";
		};
		8CF48A8A293816F10064C632 = {
			isa = PBXGroup;
			children = (
				8CF48A95293816F10064C632 /* Advent of Code 2022 */,
				8CF48AA4293817FC0064C632 /* day01 */,
				8CF48AB129394FD80064C632 /* day02 */,
				8CF48ABC293B0CE80064C632 /* day03 */,
				8CF48AD1293BC3C70064C632 /* day04 */,
				8CA1C1A6293DA7F70067A52E /* day05 */,
				8CA1C1B3293FE0CE0067A52E /* day06 */,
				8CA1C1C7294139F90067A52E /* day07 */,
				8CA1C1D429419FA10067A52E /* day07-2 */,
				8CA1C1DF294282D00067A52E /* day08 */,
				8CA1C1EC294358C40067A52E /* day09 */,
				8C2AD61B2944E0DF00A80415 /* day10 */,
				8CF48A94293816F10064C632 /* Products */,
				8CA1C1BC293FE12B0067A52E /* Frameworks */,
			);
			sourceTree = "<group>";
		};
		8CF48A94293816F10064C632 /* Products */ = {
			isa = PBXGroup;
			children = (
				8CF48A93293816F10064C632 /* Advent of Code 2022 */,
				8CF48AA3293817FC0064C632 /* day01 */,
				8CF48AB029394FD80064C632 /* day02 */,
				8CF48ABB293B0CE80064C632 /* day03 */,
				8CF48AD0293BC3C70064C632 /* day04 */,
				8CA1C1A5293DA7F70067A52E /* day05 */,
				8CA1C1B2293FE0CE0067A52E /* day06 */,
				8CA1C1C6294139F90067A52E /* day07 */,
				8CA1C1D329419FA10067A52E /* day07-2 */,
				8CA1C1DE294282D00067A52E /* day08 */,
				8CA1C1EB294358C40067A52E /* day09 */,
				8C2AD61A2944E0DF00A80415 /* day10 */,
			);
			name = Products;
			sourceTree = "<group>";
		};
		8CF48A95293816F10064C632 /* Advent of Code 2022 */ = {
			isa = PBXGroup;
			children = (
				8CF48A96293816F10064C632 /* main.swift */,
			);
			path = "Advent of Code 2022";
			sourceTree = "<group>";
		};
		8CF48AA4293817FC0064C632 /* day01 */ = {
			isa = PBXGroup;
			children = (
				8CF48AA5293817FC0064C632 /* main.swift */,
				8CF48AAA29386C620064C632 /* sample.input */,
				8CF48AAB29386E150064C632 /* real.input */,
			);
			path = day01;
			sourceTree = "<group>";
		};
		8CF48AB129394FD80064C632 /* day02 */ = {
			isa = PBXGroup;
			children = (
				8CF48AB229394FD80064C632 /* main.swift */,
				8CF48AC2293B0DB40064C632 /* sample.input */,
				8CF48AC3293B0DCB0064C632 /* real.input */,
			);
			path = day02;
			sourceTree = "<group>";
		};
		8CF48ABC293B0CE80064C632 /* day03 */ = {
			isa = PBXGroup;
			children = (
				8CF48ABD293B0CE80064C632 /* main.swift */,
				8CF48AC5293B15520064C632 /* real.input */,
				8CF48AC4293B0F650064C632 /* sample.input */,
			);
			path = day03;
			sourceTree = "<group>";
		};
		8CF48AD1293BC3C70064C632 /* day04 */ = {
			isa = PBXGroup;
			children = (
				8CF48AD2293BC3C70064C632 /* main.swift */,
				8CF48AD7293C5FD10064C632 /* sample.input */,
				8CF48AD8293C633A0064C632 /* real.input */,
			);
			path = day04;
			sourceTree = "<group>";
		};
/* End PBXGroup section */

/* Begin PBXNativeTarget section */
		8C2AD6192944E0DF00A80415 /* day10 */ = {
			isa = PBXNativeTarget;
			buildConfigurationList = 8C2AD6202944E0DF00A80415 /* Build configuration list for PBXNativeTarget "day10" */;
			buildPhases = (
				8C2AD6162944E0DF00A80415 /* Sources */,
				8C2AD6172944E0DF00A80415 /* Frameworks */,
				8C2AD6182944E0DF00A80415 /* CopyFiles */,
			);
			buildRules = (
			);
			dependencies = (
			);
			name = day10;
			productName = day10;
			productReference = 8C2AD61A2944E0DF00A80415 /* day10 */;
			productType = "com.apple.product-type.tool";
		};
		8CA1C1A4293DA7F70067A52E /* day05 */ = {
			isa = PBXNativeTarget;
			buildConfigurationList = 8CA1C1AB293DA7F70067A52E /* Build configuration list for PBXNativeTarget "day05" */;
			buildPhases = (
				8CA1C1A1293DA7F70067A52E /* Sources */,
				8CA1C1A2293DA7F70067A52E /* Frameworks */,
				8CA1C1A3293DA7F70067A52E /* CopyFiles */,
			);
			buildRules = (
			);
			dependencies = (
			);
			name = day05;
			productName = day05;
			productReference = 8CA1C1A5293DA7F70067A52E /* day05 */;
			productType = "com.apple.product-type.tool";
		};
		8CA1C1B1293FE0CE0067A52E /* day06 */ = {
			isa = PBXNativeTarget;
			buildConfigurationList = 8CA1C1B6293FE0CE0067A52E /* Build configuration list for PBXNativeTarget "day06" */;
			buildPhases = (
				8CA1C1AE293FE0CE0067A52E /* Sources */,
				8CA1C1AF293FE0CE0067A52E /* Frameworks */,
				8CA1C1B0293FE0CE0067A52E /* CopyFiles */,
			);
			buildRules = (
			);
			dependencies = (
			);
			name = day06;
			packageProductDependencies = (
				8CA1C1BD293FE12B0067A52E /* Algorithms */,
			);
			productName = day06;
			productReference = 8CA1C1B2293FE0CE0067A52E /* day06 */;
			productType = "com.apple.product-type.tool";
		};
		8CA1C1C5294139F90067A52E /* day07 */ = {
			isa = PBXNativeTarget;
			buildConfigurationList = 8CA1C1CA294139F90067A52E /* Build configuration list for PBXNativeTarget "day07" */;
			buildPhases = (
				8CA1C1C2294139F90067A52E /* Sources */,
				8CA1C1C3294139F90067A52E /* Frameworks */,
				8CA1C1C4294139F90067A52E /* CopyFiles */,
			);
			buildRules = (
			);
			dependencies = (
			);
			name = day07;
			productName = day07;
			productReference = 8CA1C1C6294139F90067A52E /* day07 */;
			productType = "com.apple.product-type.tool";
		};
		8CA1C1D229419FA10067A52E /* day07-2 */ = {
			isa = PBXNativeTarget;
			buildConfigurationList = 8CA1C1D729419FA10067A52E /* Build configuration list for PBXNativeTarget "day07-2" */;
			buildPhases = (
				8CA1C1CF29419FA10067A52E /* Sources */,
				8CA1C1D029419FA10067A52E /* Frameworks */,
				8CA1C1D129419FA10067A52E /* CopyFiles */,
			);
			buildRules = (
			);
			dependencies = (
			);
			name = "day07-2";
			productName = "day07-2";
			productReference = 8CA1C1D329419FA10067A52E /* day07-2 */;
			productType = "com.apple.product-type.tool";
		};
		8CA1C1DD294282D00067A52E /* day08 */ = {
			isa = PBXNativeTarget;
			buildConfigurationList = 8CA1C1E4294282D00067A52E /* Build configuration list for PBXNativeTarget "day08" */;
			buildPhases = (
				8CA1C1DA294282D00067A52E /* Sources */,
				8CA1C1DB294282D00067A52E /* Frameworks */,
				8CA1C1DC294282D00067A52E /* CopyFiles */,
			);
			buildRules = (
			);
			dependencies = (
			);
			name = day08;
			productName = day08;
			productReference = 8CA1C1DE294282D00067A52E /* day08 */;
			productType = "com.apple.product-type.tool";
		};
		8CA1C1EA294358C40067A52E /* day09 */ = {
			isa = PBXNativeTarget;
			buildConfigurationList = 8CA1C1EF294358C40067A52E /* Build configuration list for PBXNativeTarget "day09" */;
			buildPhases = (
				8CA1C1E7294358C40067A52E /* Sources */,
				8CA1C1E8294358C40067A52E /* Frameworks */,
				8CA1C1E9294358C40067A52E /* CopyFiles */,
			);
			buildRules = (
			);
			dependencies = (
			);
			name = day09;
			productName = day09;
			productReference = 8CA1C1EB294358C40067A52E /* day09 */;
			productType = "com.apple.product-type.tool";
		};
		8CF48A92293816F10064C632 /* Advent of Code 2022 */ = {
			isa = PBXNativeTarget;
			buildConfigurationList = 8CF48A9A293816F10064C632 /* Build configuration list for PBXNativeTarget "Advent of Code 2022" */;
			buildPhases = (
				8CF48A8F293816F10064C632 /* Sources */,
				8CF48A90293816F10064C632 /* Frameworks */,
				8CF48A91293816F10064C632 /* CopyFiles */,
			);
			buildRules = (
			);
			dependencies = (
			);
			name = "Advent of Code 2022";
			packageProductDependencies = (
				8CA1C1BA293FE0E20067A52E /* Algorithms */,
			);
			productName = "Advent of Code 2022";
			productReference = 8CF48A93293816F10064C632 /* Advent of Code 2022 */;
			productType = "com.apple.product-type.tool";
		};
		8CF48AA2293817FC0064C632 /* day01 */ = {
			isa = PBXNativeTarget;
			buildConfigurationList = 8CF48AA7293817FC0064C632 /* Build configuration list for PBXNativeTarget "day01" */;
			buildPhases = (
				8CF48A9F293817FC0064C632 /* Sources */,
				8CF48AA0293817FC0064C632 /* Frameworks */,
				8CF48AA1293817FC0064C632 /* CopyFiles */,
			);
			buildRules = (
			);
			dependencies = (
			);
			name = day01;
			productName = day01;
			productReference = 8CF48AA3293817FC0064C632 /* day01 */;
			productType = "com.apple.product-type.tool";
		};
		8CF48AAF29394FD80064C632 /* day02 */ = {
			isa = PBXNativeTarget;
			buildConfigurationList = 8CF48AB429394FD80064C632 /* Build configuration list for PBXNativeTarget "day02" */;
			buildPhases = (
				8CF48AAC29394FD80064C632 /* Sources */,
				8CF48AAD29394FD80064C632 /* Frameworks */,
				8CF48AAE29394FD80064C632 /* CopyFiles */,
			);
			buildRules = (
			);
			dependencies = (
			);
			name = day02;
			productName = day02;
			productReference = 8CF48AB029394FD80064C632 /* day02 */;
			productType = "com.apple.product-type.tool";
		};
		8CF48ABA293B0CE80064C632 /* day03 */ = {
			isa = PBXNativeTarget;
			buildConfigurationList = 8CF48ABF293B0CE80064C632 /* Build configuration list for PBXNativeTarget "day03" */;
			buildPhases = (
				8CF48AB7293B0CE80064C632 /* Sources */,
				8CF48AB8293B0CE80064C632 /* Frameworks */,
				8CF48AB9293B0CE80064C632 /* CopyFiles */,
			);
			buildRules = (
			);
			dependencies = (
			);
			name = day03;
			productName = day03;
			productReference = 8CF48ABB293B0CE80064C632 /* day03 */;
			productType = "com.apple.product-type.tool";
		};
		8CF48ACF293BC3C70064C632 /* day04 */ = {
			isa = PBXNativeTarget;
			buildConfigurationList = 8CF48AD4293BC3C70064C632 /* Build configuration list for PBXNativeTarget "day04" */;
			buildPhases = (
				8CF48ACC293BC3C70064C632 /* Sources */,
				8CF48ACD293BC3C70064C632 /* Frameworks */,
				8CF48ACE293BC3C70064C632 /* CopyFiles */,
			);
			buildRules = (
			);
			dependencies = (
			);
			name = day04;
			productName = day04;
			productReference = 8CF48AD0293BC3C70064C632 /* day04 */;
			productType = "com.apple.product-type.tool";
		};
/* End PBXNativeTarget section */

/* Begin PBXProject section */
		8CF48A8B293816F10064C632 /* Project object */ = {
			isa = PBXProject;
			attributes = {
				BuildIndependentTargetsInParallel = 1;
				LastSwiftUpdateCheck = 1410;
				LastUpgradeCheck = 1410;
				TargetAttributes = {
					8C2AD6192944E0DF00A80415 = {
						CreatedOnToolsVersion = 14.1;
					};
					8CA1C1A4293DA7F70067A52E = {
						CreatedOnToolsVersion = 14.1;
					};
					8CA1C1B1293FE0CE0067A52E = {
						CreatedOnToolsVersion = 14.1;
					};
					8CA1C1C5294139F90067A52E = {
						CreatedOnToolsVersion = 14.1;
					};
					8CA1C1D229419FA10067A52E = {
						CreatedOnToolsVersion = 14.1;
					};
					8CA1C1DD294282D00067A52E = {
						CreatedOnToolsVersion = 14.1;
					};
					8CA1C1EA294358C40067A52E = {
						CreatedOnToolsVersion = 14.1;
					};
					8CF48A92293816F10064C632 = {
						CreatedOnToolsVersion = 14.1;
					};
					8CF48AA2293817FC0064C632 = {
						CreatedOnToolsVersion = 14.1;
					};
					8CF48AAF29394FD80064C632 = {
						CreatedOnToolsVersion = 14.1;
					};
					8CF48ABA293B0CE80064C632 = {
						CreatedOnToolsVersion = 14.1;
					};
					8CF48ACF293BC3C70064C632 = {
						CreatedOnToolsVersion = 14.1;
					};
				};
			};
			buildConfigurationList = 8CF48A8E293816F10064C632 /* Build configuration list for PBXProject "Advent of Code 2022" */;
			compatibilityVersion = "Xcode 14.0";
			developmentRegion = en;
			hasScannedForEncodings = 0;
			knownRegions = (
				en,
				Base,
			);
			mainGroup = 8CF48A8A293816F10064C632;
			packageReferences = (
				8CA1C1B9293FE0E20067A52E /* XCRemoteSwiftPackageReference "swift-algorithms" */,
			);
			productRefGroup = 8CF48A94293816F10064C632 /* Products */;
			projectDirPath = "";
			projectRoot = "";
			targets = (
				8CF48A92293816F10064C632 /* Advent of Code 2022 */,
				8CF48AA2293817FC0064C632 /* day01 */,
				8CF48AAF29394FD80064C632 /* day02 */,
				8CF48ABA293B0CE80064C632 /* day03 */,
				8CF48ACF293BC3C70064C632 /* day04 */,
				8CA1C1A4293DA7F70067A52E /* day05 */,
				8CA1C1B1293FE0CE0067A52E /* day06 */,
				8CA1C1C5294139F90067A52E /* day07 */,
				8CA1C1D229419FA10067A52E /* day07-2 */,
				8CA1C1DD294282D00067A52E /* day08 */,
				8CA1C1EA294358C40067A52E /* day09 */,
				8C2AD6192944E0DF00A80415 /* day10 */,
			);
		};
/* End PBXProject section */

/* Begin PBXSourcesBuildPhase section */
		8C2AD6162944E0DF00A80415 /* Sources */ = {
			isa = PBXSourcesBuildPhase;
			buildActionMask = 2147483647;
			files = (
				8C2AD61D2944E0DF00A80415 /* main.swift in Sources */,
			);
			runOnlyForDeploymentPostprocessing = 0;
		};
		8CA1C1A1293DA7F70067A52E /* Sources */ = {
			isa = PBXSourcesBuildPhase;
			buildActionMask = 2147483647;
			files = (
				8CA1C1A8293DA7F70067A52E /* main.swift in Sources */,
			);
			runOnlyForDeploymentPostprocessing = 0;
		};
		8CA1C1AE293FE0CE0067A52E /* Sources */ = {
			isa = PBXSourcesBuildPhase;
			buildActionMask = 2147483647;
			files = (
				8CA1C1B5293FE0CE0067A52E /* main.swift in Sources */,
			);
			runOnlyForDeploymentPostprocessing = 0;
		};
		8CA1C1C2294139F90067A52E /* Sources */ = {
			isa = PBXSourcesBuildPhase;
			buildActionMask = 2147483647;
			files = (
				8CA1C1C9294139F90067A52E /* main.swift in Sources */,
			);
			runOnlyForDeploymentPostprocessing = 0;
		};
		8CA1C1CF29419FA10067A52E /* Sources */ = {
			isa = PBXSourcesBuildPhase;
			buildActionMask = 2147483647;
			files = (
				8CA1C1D629419FA10067A52E /* main.swift in Sources */,
			);
			runOnlyForDeploymentPostprocessing = 0;
		};
		8CA1C1DA294282D00067A52E /* Sources */ = {
			isa = PBXSourcesBuildPhase;
			buildActionMask = 2147483647;
			files = (
				8CA1C1E1294282D00067A52E /* main.swift in Sources */,
			);
			runOnlyForDeploymentPostprocessing = 0;
		};
		8CA1C1E7294358C40067A52E /* Sources */ = {
			isa = PBXSourcesBuildPhase;
			buildActionMask = 2147483647;
			files = (
				8CA1C1EE294358C40067A52E /* main.swift in Sources */,
			);
			runOnlyForDeploymentPostprocessing = 0;
		};
		8CF48A8F293816F10064C632 /* Sources */ = {
			isa = PBXSourcesBuildPhase;
			buildActionMask = 2147483647;
			files = (
				8CF48A97293816F10064C632 /* main.swift in Sources */,
			);
			runOnlyForDeploymentPostprocessing = 0;
		};
		8CF48A9F293817FC0064C632 /* Sources */ = {
			isa = PBXSourcesBuildPhase;
			buildActionMask = 2147483647;
			files = (
				8CF48AA6293817FC0064C632 /* main.swift in Sources */,
			);
			runOnlyForDeploymentPostprocessing = 0;
		};
		8CF48AAC29394FD80064C632 /* Sources */ = {
			isa = PBXSourcesBuildPhase;
			buildActionMask = 2147483647;
			files = (
				8CF48AB329394FD80064C632 /* main.swift in Sources */,
			);
			runOnlyForDeploymentPostprocessing = 0;
		};
		8CF48AB7293B0CE80064C632 /* Sources */ = {
			isa = PBXSourcesBuildPhase;
			buildActionMask = 2147483647;
			files = (
				8CF48ABE293B0CE80064C632 /* main.swift in Sources */,
			);
			runOnlyForDeploymentPostprocessing = 0;
		};
		8CF48ACC293BC3C70064C632 /* Sources */ = {
			isa = PBXSourcesBuildPhase;
			buildActionMask = 2147483647;
			files = (
				8CF48AD3293BC3C70064C632 /* main.swift in Sources */,
			);
			runOnlyForDeploymentPostprocessing = 0;
		};
/* End PBXSourcesBuildPhase section */

/* Begin XCBuildConfiguration section */
		8C2AD61E2944E0DF00A80415 /* Debug */ = {
			isa = XCBuildConfiguration;
			buildSettings = {
				CODE_SIGN_STYLE = Automatic;
				DEVELOPMENT_TEAM = UYPY43BUFP;
				ENABLE_HARDENED_RUNTIME = YES;
				PRODUCT_NAME = "$(TARGET_NAME)";
				SWIFT_VERSION = 5.0;
			};
			name = Debug;
		};
		8C2AD61F2944E0DF00A80415 /* Release */ = {
			isa = XCBuildConfiguration;
			buildSettings = {
				CODE_SIGN_STYLE = Automatic;
				DEVELOPMENT_TEAM = UYPY43BUFP;
				ENABLE_HARDENED_RUNTIME = YES;
				PRODUCT_NAME = "$(TARGET_NAME)";
				SWIFT_VERSION = 5.0;
			};
			name = Release;
		};
		8CA1C1A9293DA7F70067A52E /* Debug */ = {
			isa = XCBuildConfiguration;
			buildSettings = {
				CODE_SIGN_STYLE = Automatic;
				DEVELOPMENT_TEAM = UYPY43BUFP;
				ENABLE_HARDENED_RUNTIME = YES;
				PRODUCT_NAME = "$(TARGET_NAME)";
				SWIFT_VERSION = 5.0;
			};
			name = Debug;
		};
		8CA1C1AA293DA7F70067A52E /* Release */ = {
			isa = XCBuildConfiguration;
			buildSettings = {
				CODE_SIGN_STYLE = Automatic;
				DEVELOPMENT_TEAM = UYPY43BUFP;
				ENABLE_HARDENED_RUNTIME = YES;
				PRODUCT_NAME = "$(TARGET_NAME)";
				SWIFT_VERSION = 5.0;
			};
			name = Release;
		};
		8CA1C1B7293FE0CE0067A52E /* Debug */ = {
			isa = XCBuildConfiguration;
			buildSettings = {
				CODE_SIGN_STYLE = Automatic;
				DEVELOPMENT_TEAM = UYPY43BUFP;
				ENABLE_HARDENED_RUNTIME = YES;
				PRODUCT_NAME = "$(TARGET_NAME)";
				SWIFT_VERSION = 5.0;
			};
			name = Debug;
		};
		8CA1C1B8293FE0CE0067A52E /* Release */ = {
			isa = XCBuildConfiguration;
			buildSettings = {
				CODE_SIGN_STYLE = Automatic;
				DEVELOPMENT_TEAM = UYPY43BUFP;
				ENABLE_HARDENED_RUNTIME = YES;
				PRODUCT_NAME = "$(TARGET_NAME)";
				SWIFT_VERSION = 5.0;
			};
			name = Release;
		};
		8CA1C1CB294139F90067A52E /* Debug */ = {
			isa = XCBuildConfiguration;
			buildSettings = {
				CODE_SIGN_STYLE = Automatic;
				DEVELOPMENT_TEAM = UYPY43BUFP;
				ENABLE_HARDENED_RUNTIME = YES;
				PRODUCT_NAME = "$(TARGET_NAME)";
				SWIFT_VERSION = 5.0;
			};
			name = Debug;
		};
		8CA1C1CC294139F90067A52E /* Release */ = {
			isa = XCBuildConfiguration;
			buildSettings = {
				CODE_SIGN_STYLE = Automatic;
				DEVELOPMENT_TEAM = UYPY43BUFP;
				ENABLE_HARDENED_RUNTIME = YES;
				PRODUCT_NAME = "$(TARGET_NAME)";
				SWIFT_VERSION = 5.0;
			};
			name = Release;
		};
		8CA1C1D829419FA10067A52E /* Debug */ = {
			isa = XCBuildConfiguration;
			buildSettings = {
				CODE_SIGN_STYLE = Automatic;
				DEVELOPMENT_TEAM = UYPY43BUFP;
				ENABLE_HARDENED_RUNTIME = YES;
				PRODUCT_NAME = "$(TARGET_NAME)";
				SWIFT_VERSION = 5.0;
			};
			name = Debug;
		};
		8CA1C1D929419FA10067A52E /* Release */ = {
			isa = XCBuildConfiguration;
			buildSettings = {
				CODE_SIGN_STYLE = Automatic;
				DEVELOPMENT_TEAM = UYPY43BUFP;
				ENABLE_HARDENED_RUNTIME = YES;
				PRODUCT_NAME = "$(TARGET_NAME)";
				SWIFT_VERSION = 5.0;
			};
			name = Release;
		};
		8CA1C1E2294282D00067A52E /* Debug */ = {
			isa = XCBuildConfiguration;
			buildSettings = {
				CODE_SIGN_STYLE = Automatic;
				DEVELOPMENT_TEAM = UYPY43BUFP;
				ENABLE_HARDENED_RUNTIME = YES;
				PRODUCT_NAME = "$(TARGET_NAME)";
				SWIFT_VERSION = 5.0;
			};
			name = Debug;
		};
		8CA1C1E3294282D00067A52E /* Release */ = {
			isa = XCBuildConfiguration;
			buildSettings = {
				CODE_SIGN_STYLE = Automatic;
				DEVELOPMENT_TEAM = UYPY43BUFP;
				ENABLE_HARDENED_RUNTIME = YES;
				PRODUCT_NAME = "$(TARGET_NAME)";
				SWIFT_VERSION = 5.0;
			};
			name = Release;
		};
		8CA1C1F0294358C40067A52E /* Debug */ = {
			isa = XCBuildConfiguration;
			buildSettings = {
				CODE_SIGN_STYLE = Automatic;
				DEVELOPMENT_TEAM = UYPY43BUFP;
				ENABLE_HARDENED_RUNTIME = YES;
				PRODUCT_NAME = "$(TARGET_NAME)";
				SWIFT_VERSION = 5.0;
			};
			name = Debug;
		};
		8CA1C1F1294358C40067A52E /* Release */ = {
			isa = XCBuildConfiguration;
			buildSettings = {
				CODE_SIGN_STYLE = Automatic;
				DEVELOPMENT_TEAM = UYPY43BUFP;
				ENABLE_HARDENED_RUNTIME = YES;
				PRODUCT_NAME = "$(TARGET_NAME)";
				SWIFT_VERSION = 5.0;
			};
			name = Release;
		};
		8CF48A98293816F10064C632 /* Debug */ = {
			isa = XCBuildConfiguration;
			buildSettings = {
				ALWAYS_SEARCH_USER_PATHS = NO;
				CLANG_ANALYZER_NONNULL = YES;
				CLANG_ANALYZER_NUMBER_OBJECT_CONVERSION = YES_AGGRESSIVE;
				CLANG_CXX_LANGUAGE_STANDARD = "gnu++20";
				CLANG_ENABLE_MODULES = YES;
				CLANG_ENABLE_OBJC_ARC = YES;
				CLANG_ENABLE_OBJC_WEAK = YES;
				CLANG_WARN_BLOCK_CAPTURE_AUTORELEASING = YES;
				CLANG_WARN_BOOL_CONVERSION = YES;
				CLANG_WARN_COMMA = YES;
				CLANG_WARN_CONSTANT_CONVERSION = YES;
				CLANG_WARN_DEPRECATED_OBJC_IMPLEMENTATIONS = YES;
				CLANG_WARN_DIRECT_OBJC_ISA_USAGE = YES_ERROR;
				CLANG_WARN_DOCUMENTATION_COMMENTS = YES;
				CLANG_WARN_EMPTY_BODY = YES;
				CLANG_WARN_ENUM_CONVERSION = YES;
				CLANG_WARN_INFINITE_RECURSION = YES;
				CLANG_WARN_INT_CONVERSION = YES;
				CLANG_WARN_NON_LITERAL_NULL_CONVERSION = YES;
				CLANG_WARN_OBJC_IMPLICIT_RETAIN_SELF = YES;
				CLANG_WARN_OBJC_LITERAL_CONVERSION = YES;
				CLANG_WARN_OBJC_ROOT_CLASS = YES_ERROR;
				CLANG_WARN_QUOTED_INCLUDE_IN_FRAMEWORK_HEADER = YES;
				CLANG_WARN_RANGE_LOOP_ANALYSIS = YES;
				CLANG_WARN_STRICT_PROTOTYPES = YES;
				CLANG_WARN_SUSPICIOUS_MOVE = YES;
				CLANG_WARN_UNGUARDED_AVAILABILITY = YES_AGGRESSIVE;
				CLANG_WARN_UNREACHABLE_CODE = YES;
				CLANG_WARN__DUPLICATE_METHOD_MATCH = YES;
				COPY_PHASE_STRIP = NO;
				DEBUG_INFORMATION_FORMAT = dwarf;
				ENABLE_STRICT_OBJC_MSGSEND = YES;
				ENABLE_TESTABILITY = YES;
				GCC_C_LANGUAGE_STANDARD = gnu11;
				GCC_DYNAMIC_NO_PIC = NO;
				GCC_NO_COMMON_BLOCKS = YES;
				GCC_OPTIMIZATION_LEVEL = 0;
				GCC_PREPROCESSOR_DEFINITIONS = (
					"DEBUG=1",
					"$(inherited)",
				);
				GCC_WARN_64_TO_32_BIT_CONVERSION = YES;
				GCC_WARN_ABOUT_RETURN_TYPE = YES_ERROR;
				GCC_WARN_UNDECLARED_SELECTOR = YES;
				GCC_WARN_UNINITIALIZED_AUTOS = YES_AGGRESSIVE;
				GCC_WARN_UNUSED_FUNCTION = YES;
				GCC_WARN_UNUSED_VARIABLE = YES;
				MACOSX_DEPLOYMENT_TARGET = 13.0;
				MTL_ENABLE_DEBUG_INFO = INCLUDE_SOURCE;
				MTL_FAST_MATH = YES;
				ONLY_ACTIVE_ARCH = YES;
				SDKROOT = macosx;
				SWIFT_ACTIVE_COMPILATION_CONDITIONS = DEBUG;
				SWIFT_OPTIMIZATION_LEVEL = "-Onone";
			};
			name = Debug;
		};
		8CF48A99293816F10064C632 /* Release */ = {
			isa = XCBuildConfiguration;
			buildSettings = {
				ALWAYS_SEARCH_USER_PATHS = NO;
				CLANG_ANALYZER_NONNULL = YES;
				CLANG_ANALYZER_NUMBER_OBJECT_CONVERSION = YES_AGGRESSIVE;
				CLANG_CXX_LANGUAGE_STANDARD = "gnu++20";
				CLANG_ENABLE_MODULES = YES;
				CLANG_ENABLE_OBJC_ARC = YES;
				CLANG_ENABLE_OBJC_WEAK = YES;
				CLANG_WARN_BLOCK_CAPTURE_AUTORELEASING = YES;
				CLANG_WARN_BOOL_CONVERSION = YES;
				CLANG_WARN_COMMA = YES;
				CLANG_WARN_CONSTANT_CONVERSION = YES;
				CLANG_WARN_DEPRECATED_OBJC_IMPLEMENTATIONS = YES;
				CLANG_WARN_DIRECT_OBJC_ISA_USAGE = YES_ERROR;
				CLANG_WARN_DOCUMENTATION_COMMENTS = YES;
				CLANG_WARN_EMPTY_BODY = YES;
				CLANG_WARN_ENUM_CONVERSION = YES;
				CLANG_WARN_INFINITE_RECURSION = YES;
				CLANG_WARN_INT_CONVERSION = YES;
				CLANG_WARN_NON_LITERAL_NULL_CONVERSION = YES;
				CLANG_WARN_OBJC_IMPLICIT_RETAIN_SELF = YES;
				CLANG_WARN_OBJC_LITERAL_CONVERSION = YES;
				CLANG_WARN_OBJC_ROOT_CLASS = YES_ERROR;
				CLANG_WARN_QUOTED_INCLUDE_IN_FRAMEWORK_HEADER = YES;
				CLANG_WARN_RANGE_LOOP_ANALYSIS = YES;
				CLANG_WARN_STRICT_PROTOTYPES = YES;
				CLANG_WARN_SUSPICIOUS_MOVE = YES;
				CLANG_WARN_UNGUARDED_AVAILABILITY = YES_AGGRESSIVE;
				CLANG_WARN_UNREACHABLE_CODE = YES;
				CLANG_WARN__DUPLICATE_METHOD_MATCH = YES;
				COPY_PHASE_STRIP = NO;
				DEBUG_INFORMATION_FORMAT = "dwarf-with-dsym";
				ENABLE_NS_ASSERTIONS = NO;
				ENABLE_STRICT_OBJC_MSGSEND = YES;
				GCC_C_LANGUAGE_STANDARD = gnu11;
				GCC_NO_COMMON_BLOCKS = YES;
				GCC_WARN_64_TO_32_BIT_CONVERSION = YES;
				GCC_WARN_ABOUT_RETURN_TYPE = YES_ERROR;
				GCC_WARN_UNDECLARED_SELECTOR = YES;
				GCC_WARN_UNINITIALIZED_AUTOS = YES_AGGRESSIVE;
				GCC_WARN_UNUSED_FUNCTION = YES;
				GCC_WARN_UNUSED_VARIABLE = YES;
				MACOSX_DEPLOYMENT_TARGET = 13.0;
				MTL_ENABLE_DEBUG_INFO = NO;
				MTL_FAST_MATH = YES;
				SDKROOT = macosx;
				SWIFT_COMPILATION_MODE = wholemodule;
				SWIFT_OPTIMIZATION_LEVEL = "-O";
			};
			name = Release;
		};
		8CF48A9B293816F10064C632 /* Debug */ = {
			isa = XCBuildConfiguration;
			buildSettings = {
				CODE_SIGN_STYLE = Automatic;
				DEVELOPMENT_TEAM = UYPY43BUFP;
				ENABLE_HARDENED_RUNTIME = YES;
				PRODUCT_NAME = "$(TARGET_NAME)";
				SWIFT_VERSION = 5.0;
			};
			name = Debug;
		};
		8CF48A9C293816F10064C632 /* Release */ = {
			isa = XCBuildConfiguration;
			buildSettings = {
				CODE_SIGN_STYLE = Automatic;
				DEVELOPMENT_TEAM = UYPY43BUFP;
				ENABLE_HARDENED_RUNTIME = YES;
				PRODUCT_NAME = "$(TARGET_NAME)";
				SWIFT_VERSION = 5.0;
			};
			name = Release;
		};
		8CF48AA8293817FC0064C632 /* Debug */ = {
			isa = XCBuildConfiguration;
			buildSettings = {
				CODE_SIGN_STYLE = Automatic;
				DEVELOPMENT_TEAM = UYPY43BUFP;
				ENABLE_HARDENED_RUNTIME = YES;
				PRODUCT_NAME = "$(TARGET_NAME)";
				SWIFT_VERSION = 5.0;
			};
			name = Debug;
		};
		8CF48AA9293817FC0064C632 /* Release */ = {
			isa = XCBuildConfiguration;
			buildSettings = {
				CODE_SIGN_STYLE = Automatic;
				DEVELOPMENT_TEAM = UYPY43BUFP;
				ENABLE_HARDENED_RUNTIME = YES;
				PRODUCT_NAME = "$(TARGET_NAME)";
				SWIFT_VERSION = 5.0;
			};
			name = Release;
		};
		8CF48AB529394FD80064C632 /* Debug */ = {
			isa = XCBuildConfiguration;
			buildSettings = {
				CODE_SIGN_STYLE = Automatic;
				DEVELOPMENT_TEAM = UYPY43BUFP;
				ENABLE_HARDENED_RUNTIME = YES;
				PRODUCT_NAME = "$(TARGET_NAME)";
				SWIFT_VERSION = 5.0;
			};
			name = Debug;
		};
		8CF48AB629394FD80064C632 /* Release */ = {
			isa = XCBuildConfiguration;
			buildSettings = {
				CODE_SIGN_STYLE = Automatic;
				DEVELOPMENT_TEAM = UYPY43BUFP;
				ENABLE_HARDENED_RUNTIME = YES;
				PRODUCT_NAME = "$(TARGET_NAME)";
				SWIFT_VERSION = 5.0;
			};
			name = Release;
		};
		8CF48AC0293B0CE80064C632 /* Debug */ = {
			isa = XCBuildConfiguration;
			buildSettings = {
				CODE_SIGN_STYLE = Automatic;
				DEVELOPMENT_TEAM = UYPY43BUFP;
				ENABLE_HARDENED_RUNTIME = YES;
				PRODUCT_NAME = "$(TARGET_NAME)";
				SWIFT_VERSION = 5.0;
			};
			name = Debug;
		};
		8CF48AC1293B0CE80064C632 /* Release */ = {
			isa = XCBuildConfiguration;
			buildSettings = {
				CODE_SIGN_STYLE = Automatic;
				DEVELOPMENT_TEAM = UYPY43BUFP;
				ENABLE_HARDENED_RUNTIME = YES;
				PRODUCT_NAME = "$(TARGET_NAME)";
				SWIFT_VERSION = 5.0;
			};
			name = Release;
		};
		8CF48AD5293BC3C70064C632 /* Debug */ = {
			isa = XCBuildConfiguration;
			buildSettings = {
				CODE_SIGN_STYLE = Automatic;
				DEVELOPMENT_TEAM = UYPY43BUFP;
				ENABLE_HARDENED_RUNTIME = YES;
				PRODUCT_NAME = "$(TARGET_NAME)";
				SWIFT_VERSION = 5.0;
			};
			name = Debug;
		};
		8CF48AD6293BC3C70064C632 /* Release */ = {
			isa = XCBuildConfiguration;
			buildSettings = {
				CODE_SIGN_STYLE = Automatic;
				DEVELOPMENT_TEAM = UYPY43BUFP;
				ENABLE_HARDENED_RUNTIME = YES;
				PRODUCT_NAME = "$(TARGET_NAME)";
				SWIFT_VERSION = 5.0;
			};
			name = Release;
		};
/* End XCBuildConfiguration section */

/* Begin XCConfigurationList section */
		8C2AD6202944E0DF00A80415 /* Build configuration list for PBXNativeTarget "day10" */ = {
			isa = XCConfigurationList;
			buildConfigurations = (
				8C2AD61E2944E0DF00A80415 /* Debug */,
				8C2AD61F2944E0DF00A80415 /* Release */,
			);
			defaultConfigurationIsVisible = 0;
			defaultConfigurationName = Release;
		};
		8CA1C1AB293DA7F70067A52E /* Build configuration list for PBXNativeTarget "day05" */ = {
			isa = XCConfigurationList;
			buildConfigurations = (
				8CA1C1A9293DA7F70067A52E /* Debug */,
				8CA1C1AA293DA7F70067A52E /* Release */,
			);
			defaultConfigurationIsVisible = 0;
			defaultConfigurationName = Release;
		};
		8CA1C1B6293FE0CE0067A52E /* Build configuration list for PBXNativeTarget "day06" */ = {
			isa = XCConfigurationList;
			buildConfigurations = (
				8CA1C1B7293FE0CE0067A52E /* Debug */,
				8CA1C1B8293FE0CE0067A52E /* Release */,
			);
			defaultConfigurationIsVisible = 0;
			defaultConfigurationName = Release;
		};
		8CA1C1CA294139F90067A52E /* Build configuration list for PBXNativeTarget "day07" */ = {
			isa = XCConfigurationList;
			buildConfigurations = (
				8CA1C1CB294139F90067A52E /* Debug */,
				8CA1C1CC294139F90067A52E /* Release */,
			);
			defaultConfigurationIsVisible = 0;
			defaultConfigurationName = Release;
		};
		8CA1C1D729419FA10067A52E /* Build configuration list for PBXNativeTarget "day07-2" */ = {
			isa = XCConfigurationList;
			buildConfigurations = (
				8CA1C1D829419FA10067A52E /* Debug */,
				8CA1C1D929419FA10067A52E /* Release */,
			);
			defaultConfigurationIsVisible = 0;
			defaultConfigurationName = Release;
		};
		8CA1C1E4294282D00067A52E /* Build configuration list for PBXNativeTarget "day08" */ = {
			isa = XCConfigurationList;
			buildConfigurations = (
				8CA1C1E2294282D00067A52E /* Debug */,
				8CA1C1E3294282D00067A52E /* Release */,
			);
			defaultConfigurationIsVisible = 0;
			defaultConfigurationName = Release;
		};
		8CA1C1EF294358C40067A52E /* Build configuration list for PBXNativeTarget "day09" */ = {
			isa = XCConfigurationList;
			buildConfigurations = (
				8CA1C1F0294358C40067A52E /* Debug */,
				8CA1C1F1294358C40067A52E /* Release */,
			);
			defaultConfigurationIsVisible = 0;
			defaultConfigurationName = Release;
		};
		8CF48A8E293816F10064C632 /* Build configuration list for PBXProject "Advent of Code 2022" */ = {
			isa = XCConfigurationList;
			buildConfigurations = (
				8CF48A98293816F10064C632 /* Debug */,
				8CF48A99293816F10064C632 /* Release */,
			);
			defaultConfigurationIsVisible = 0;
			defaultConfigurationName = Release;
		};
		8CF48A9A293816F10064C632 /* Build configuration list for PBXNativeTarget "Advent of Code 2022" */ = {
			isa = XCConfigurationList;
			buildConfigurations = (
				8CF48A9B293816F10064C632 /* Debug */,
				8CF48A9C293816F10064C632 /* Release */,
			);
			defaultConfigurationIsVisible = 0;
			defaultConfigurationName = Release;
		};
		8CF48AA7293817FC0064C632 /* Build configuration list for PBXNativeTarget "day01" */ = {
			isa = XCConfigurationList;
			buildConfigurations = (
				8CF48AA8293817FC0064C632 /* Debug */,
				8CF48AA9293817FC0064C632 /* Release */,
			);
			defaultConfigurationIsVisible = 0;
			defaultConfigurationName = Release;
		};
		8CF48AB429394FD80064C632 /* Build configuration list for PBXNativeTarget "day02" */ = {
			isa = XCConfigurationList;
			buildConfigurations = (
				8CF48AB529394FD80064C632 /* Debug */,
				8CF48AB629394FD80064C632 /* Release */,
			);
			defaultConfigurationIsVisible = 0;
			defaultConfigurationName = Release;
		};
		8CF48ABF293B0CE80064C632 /* Build configuration list for PBXNativeTarget "day03" */ = {
			isa = XCConfigurationList;
			buildConfigurations = (
				8CF48AC0293B0CE80064C632 /* Debug */,
				8CF48AC1293B0CE80064C632 /* Release */,
			);
			defaultConfigurationIsVisible = 0;
			defaultConfigurationName = Release;
		};
		8CF48AD4293BC3C70064C632 /* Build configuration list for PBXNativeTarget "day04" */ = {
			isa = XCConfigurationList;
			buildConfigurations = (
				8CF48AD5293BC3C70064C632 /* Debug */,
				8CF48AD6293BC3C70064C632 /* Release */,
			);
			defaultConfigurationIsVisible = 0;
			defaultConfigurationName = Release;
		};
/* End XCConfigurationList section */

/* Begin XCRemoteSwiftPackageReference section */
		8CA1C1B9293FE0E20067A52E /* XCRemoteSwiftPackageReference "swift-algorithms" */ = {
			isa = XCRemoteSwiftPackageReference;
			repositoryURL = "https://github.com/apple/swift-algorithms.git";
			requirement = {
				kind = upToNextMajorVersion;
				minimumVersion = 1.0.0;
			};
		};
/* End XCRemoteSwiftPackageReference section */

/* Begin XCSwiftPackageProductDependency section */
		8CA1C1BA293FE0E20067A52E /* Algorithms */ = {
			isa = XCSwiftPackageProductDependency;
			package = 8CA1C1B9293FE0E20067A52E /* XCRemoteSwiftPackageReference "swift-algorithms" */;
			productName = Algorithms;
		};
		8CA1C1BD293FE12B0067A52E /* Algorithms */ = {
			isa = XCSwiftPackageProductDependency;
			package = 8CA1C1B9293FE0E20067A52E /* XCRemoteSwiftPackageReference "swift-algorithms" */;
			productName = Algorithms;
		};
/* End XCSwiftPackageProductDependency section */
	};
	rootObject = 8CF48A8B293816F10064C632 /* Project object */;
}
